// !$*UTF8*$!
{
	archiveVersion = 1;
	classes = {
	};
	objectVersion = 48;
	objects = {

/* Begin PBXBuildFile section */
		4504484B1F7EF0B300D17722 /* AppDelegate.swift in Sources */ = {isa = PBXBuildFile; fileRef = 4504484A1F7EF0B300D17722 /* AppDelegate.swift */; };
		450448501F7EF0B300D17722 /* Main.storyboard in Resources */ = {isa = PBXBuildFile; fileRef = 4504484E1F7EF0B300D17722 /* Main.storyboard */; };
		450448521F7EF0B300D17722 /* Assets.xcassets in Resources */ = {isa = PBXBuildFile; fileRef = 450448511F7EF0B300D17722 /* Assets.xcassets */; };
		450448551F7EF0B300D17722 /* LaunchScreen.storyboard in Resources */ = {isa = PBXBuildFile; fileRef = 450448531F7EF0B300D17722 /* LaunchScreen.storyboard */; };
		450448601F7EF0B400D17722 /* musearchTests.swift in Sources */ = {isa = PBXBuildFile; fileRef = 4504485F1F7EF0B400D17722 /* musearchTests.swift */; };
		4504486B1F7EF20200D17722 /* SearchViewController.swift in Sources */ = {isa = PBXBuildFile; fileRef = 4504486A1F7EF20200D17722 /* SearchViewController.swift */; };
		4504486E1F7F4FFF00D17722 /* SearchService.swift in Sources */ = {isa = PBXBuildFile; fileRef = 4504486D1F7F4FFF00D17722 /* SearchService.swift */; };
		450448711F7F8A3300D17722 /* SearchResult.swift in Sources */ = {isa = PBXBuildFile; fileRef = 450448701F7F8A3300D17722 /* SearchResult.swift */; };
		450448771F7F9BEB00D17722 /* ResultsTableViewCell.swift in Sources */ = {isa = PBXBuildFile; fileRef = 450448751F7F9BEB00D17722 /* ResultsTableViewCell.swift */; };
		450448781F7F9BEB00D17722 /* ResultsTableViewCell.xib in Resources */ = {isa = PBXBuildFile; fileRef = 450448761F7F9BEB00D17722 /* ResultsTableViewCell.xib */; };
		523541003C6976FB64AE1D54 /* Pods_musearch.framework in Frameworks */ = {isa = PBXBuildFile; fileRef = 7ED52430E2BB65C27A51A60B /* Pods_musearch.framework */; };
		F4F9C3463CA17ED97EAB146B /* Pods_musearchTests.framework in Frameworks */ = {isa = PBXBuildFile; fileRef = 16537F880CF9E272F523503B /* Pods_musearchTests.framework */; };
/* End PBXBuildFile section */

/* Begin PBXContainerItemProxy section */
		4504485C1F7EF0B400D17722 /* PBXContainerItemProxy */ = {
			isa = PBXContainerItemProxy;
			containerPortal = 4504483F1F7EF0B300D17722 /* Project object */;
			proxyType = 1;
			remoteGlobalIDString = 450448461F7EF0B300D17722;
			remoteInfo = musearch;
		};
/* End PBXContainerItemProxy section */

/* Begin PBXFileReference section */
		16537F880CF9E272F523503B /* Pods_musearchTests.framework */ = {isa = PBXFileReference; explicitFileType = wrapper.framework; includeInIndex = 0; path = Pods_musearchTests.framework; sourceTree = BUILT_PRODUCTS_DIR; };
		1BF70BD4CDEA3F0D0CAC4B89 /* Pods-musearch.release.xcconfig */ = {isa = PBXFileReference; includeInIndex = 1; lastKnownFileType = text.xcconfig; name = "Pods-musearch.release.xcconfig"; path = "Pods/Target Support Files/Pods-musearch/Pods-musearch.release.xcconfig"; sourceTree = "<group>"; };
		450448471F7EF0B300D17722 /* musearch.app */ = {isa = PBXFileReference; explicitFileType = wrapper.application; includeInIndex = 0; path = musearch.app; sourceTree = BUILT_PRODUCTS_DIR; };
		4504484A1F7EF0B300D17722 /* AppDelegate.swift */ = {isa = PBXFileReference; lastKnownFileType = sourcecode.swift; path = AppDelegate.swift; sourceTree = "<group>"; };
		4504484F1F7EF0B300D17722 /* Base */ = {isa = PBXFileReference; lastKnownFileType = file.storyboard; name = Base; path = Base.lproj/Main.storyboard; sourceTree = "<group>"; };
		450448511F7EF0B300D17722 /* Assets.xcassets */ = {isa = PBXFileReference; lastKnownFileType = folder.assetcatalog; path = Assets.xcassets; sourceTree = "<group>"; };
		450448541F7EF0B300D17722 /* Base */ = {isa = PBXFileReference; lastKnownFileType = file.storyboard; name = Base; path = Base.lproj/LaunchScreen.storyboard; sourceTree = "<group>"; };
		450448561F7EF0B300D17722 /* Info.plist */ = {isa = PBXFileReference; lastKnownFileType = text.plist.xml; path = Info.plist; sourceTree = "<group>"; };
		4504485B1F7EF0B400D17722 /* musearchTests.xctest */ = {isa = PBXFileReference; explicitFileType = wrapper.cfbundle; includeInIndex = 0; path = musearchTests.xctest; sourceTree = BUILT_PRODUCTS_DIR; };
		4504485F1F7EF0B400D17722 /* musearchTests.swift */ = {isa = PBXFileReference; lastKnownFileType = sourcecode.swift; path = musearchTests.swift; sourceTree = "<group>"; };
		450448611F7EF0B400D17722 /* Info.plist */ = {isa = PBXFileReference; lastKnownFileType = text.plist.xml; path = Info.plist; sourceTree = "<group>"; };
		4504486A1F7EF20200D17722 /* SearchViewController.swift */ = {isa = PBXFileReference; lastKnownFileType = sourcecode.swift; path = SearchViewController.swift; sourceTree = "<group>"; };
		4504486D1F7F4FFF00D17722 /* SearchService.swift */ = {isa = PBXFileReference; lastKnownFileType = sourcecode.swift; path = SearchService.swift; sourceTree = "<group>"; };
		450448701F7F8A3300D17722 /* SearchResult.swift */ = {isa = PBXFileReference; lastKnownFileType = sourcecode.swift; path = SearchResult.swift; sourceTree = "<group>"; };
		450448751F7F9BEB00D17722 /* ResultsTableViewCell.swift */ = {isa = PBXFileReference; lastKnownFileType = sourcecode.swift; path = ResultsTableViewCell.swift; sourceTree = "<group>"; };
		450448761F7F9BEB00D17722 /* ResultsTableViewCell.xib */ = {isa = PBXFileReference; lastKnownFileType = file.xib; path = ResultsTableViewCell.xib; sourceTree = "<group>"; };
		7EB6B80047C6ABFBE21A51FD /* Pods-musearchTests.release.xcconfig */ = {isa = PBXFileReference; includeInIndex = 1; lastKnownFileType = text.xcconfig; name = "Pods-musearchTests.release.xcconfig"; path = "Pods/Target Support Files/Pods-musearchTests/Pods-musearchTests.release.xcconfig"; sourceTree = "<group>"; };
		7ED52430E2BB65C27A51A60B /* Pods_musearch.framework */ = {isa = PBXFileReference; explicitFileType = wrapper.framework; includeInIndex = 0; path = Pods_musearch.framework; sourceTree = BUILT_PRODUCTS_DIR; };
		8FEADA84C878E9EDEEA48DB1 /* Pods-musearch.debug.xcconfig */ = {isa = PBXFileReference; includeInIndex = 1; lastKnownFileType = text.xcconfig; name = "Pods-musearch.debug.xcconfig"; path = "Pods/Target Support Files/Pods-musearch/Pods-musearch.debug.xcconfig"; sourceTree = "<group>"; };
		B3805532BE7A043527EACF75 /* Pods-musearchTests.debug.xcconfig */ = {isa = PBXFileReference; includeInIndex = 1; lastKnownFileType = text.xcconfig; name = "Pods-musearchTests.debug.xcconfig"; path = "Pods/Target Support Files/Pods-musearchTests/Pods-musearchTests.debug.xcconfig"; sourceTree = "<group>"; };
/* End PBXFileReference section */

/* Begin PBXFrameworksBuildPhase section */
		450448441F7EF0B300D17722 /* Frameworks */ = {
			isa = PBXFrameworksBuildPhase;
			buildActionMask = 2147483647;
			files = (
				523541003C6976FB64AE1D54 /* Pods_musearch.framework in Frameworks */,
			);
			runOnlyForDeploymentPostprocessing = 0;
		};
		450448581F7EF0B400D17722 /* Frameworks */ = {
			isa = PBXFrameworksBuildPhase;
			buildActionMask = 2147483647;
			files = (
				F4F9C3463CA17ED97EAB146B /* Pods_musearchTests.framework in Frameworks */,
			);
			runOnlyForDeploymentPostprocessing = 0;
		};
/* End PBXFrameworksBuildPhase section */

/* Begin PBXGroup section */
		4504483E1F7EF0B300D17722 = {
			isa = PBXGroup;
			children = (
				450448721F7F9A9700D17722 /* Views */,
				4504486F1F7F8A1A00D17722 /* Models */,
				4504486C1F7F4FD900D17722 /* Services */,
				450448491F7EF0B300D17722 /* musearch */,
				4504485E1F7EF0B400D17722 /* musearchTests */,
				450448481F7EF0B300D17722 /* Products */,
				934038344686256D0250F783 /* Pods */,
				542BE1D1B3E5679B842F998C /* Frameworks */,
			);
			sourceTree = "<group>";
		};
		450448481F7EF0B300D17722 /* Products */ = {
			isa = PBXGroup;
			children = (
				450448471F7EF0B300D17722 /* musearch.app */,
				4504485B1F7EF0B400D17722 /* musearchTests.xctest */,
			);
			name = Products;
			sourceTree = "<group>";
		};
		450448491F7EF0B300D17722 /* musearch */ = {
			isa = PBXGroup;
			children = (
				4504484A1F7EF0B300D17722 /* AppDelegate.swift */,
				4504486A1F7EF20200D17722 /* SearchViewController.swift */,
				4504484E1F7EF0B300D17722 /* Main.storyboard */,
				450448511F7EF0B300D17722 /* Assets.xcassets */,
				450448531F7EF0B300D17722 /* LaunchScreen.storyboard */,
				450448561F7EF0B300D17722 /* Info.plist */,
			);
			path = musearch;
			sourceTree = "<group>";
		};
		4504485E1F7EF0B400D17722 /* musearchTests */ = {
			isa = PBXGroup;
			children = (
				4504485F1F7EF0B400D17722 /* musearchTests.swift */,
				450448611F7EF0B400D17722 /* Info.plist */,
			);
			path = musearchTests;
			sourceTree = "<group>";
		};
		4504486C1F7F4FD900D17722 /* Services */ = {
			isa = PBXGroup;
			children = (
				4504486D1F7F4FFF00D17722 /* SearchService.swift */,
			);
			path = Services;
			sourceTree = "<group>";
		};
		4504486F1F7F8A1A00D17722 /* Models */ = {
			isa = PBXGroup;
			children = (
				450448701F7F8A3300D17722 /* SearchResult.swift */,
			);
			path = Models;
			sourceTree = "<group>";
		};
		450448721F7F9A9700D17722 /* Views */ = {
			isa = PBXGroup;
			children = (
				450448751F7F9BEB00D17722 /* ResultsTableViewCell.swift */,
				450448761F7F9BEB00D17722 /* ResultsTableViewCell.xib */,
			);
			path = Views;
			sourceTree = "<group>";
		};
		542BE1D1B3E5679B842F998C /* Frameworks */ = {
			isa = PBXGroup;
			children = (
				7ED52430E2BB65C27A51A60B /* Pods_musearch.framework */,
				16537F880CF9E272F523503B /* Pods_musearchTests.framework */,
			);
			name = Frameworks;
			sourceTree = "<group>";
		};
		934038344686256D0250F783 /* Pods */ = {
			isa = PBXGroup;
			children = (
				8FEADA84C878E9EDEEA48DB1 /* Pods-musearch.debug.xcconfig */,
				1BF70BD4CDEA3F0D0CAC4B89 /* Pods-musearch.release.xcconfig */,
				B3805532BE7A043527EACF75 /* Pods-musearchTests.debug.xcconfig */,
				7EB6B80047C6ABFBE21A51FD /* Pods-musearchTests.release.xcconfig */,
			);
			name = Pods;
			sourceTree = "<group>";
		};
/* End PBXGroup section */

/* Begin PBXNativeTarget section */
		450448461F7EF0B300D17722 /* musearch */ = {
			isa = PBXNativeTarget;
			buildConfigurationList = 450448641F7EF0B400D17722 /* Build configuration list for PBXNativeTarget "musearch" */;
			buildPhases = (
				3E876E656DE492F0ED4D945C /* [CP] Check Pods Manifest.lock */,
				450448431F7EF0B300D17722 /* Sources */,
				450448441F7EF0B300D17722 /* Frameworks */,
				450448451F7EF0B300D17722 /* Resources */,
				93704288869839A766592370 /* [CP] Embed Pods Frameworks */,
				540308B33D1276A54EF9C494 /* [CP] Copy Pods Resources */,
			);
			buildRules = (
			);
			dependencies = (
			);
			name = musearch;
			productName = musearch;
			productReference = 450448471F7EF0B300D17722 /* musearch.app */;
			productType = "com.apple.product-type.application";
		};
		4504485A1F7EF0B400D17722 /* musearchTests */ = {
			isa = PBXNativeTarget;
			buildConfigurationList = 450448671F7EF0B400D17722 /* Build configuration list for PBXNativeTarget "musearchTests" */;
			buildPhases = (
				93323720124C2BA0360121E7 /* [CP] Check Pods Manifest.lock */,
				450448571F7EF0B400D17722 /* Sources */,
				450448581F7EF0B400D17722 /* Frameworks */,
				450448591F7EF0B400D17722 /* Resources */,
				84F038036FF06884335FE857 /* [CP] Embed Pods Frameworks */,
				D5A3A2049F0B0169614BF106 /* [CP] Copy Pods Resources */,
			);
			buildRules = (
			);
			dependencies = (
				4504485D1F7EF0B400D17722 /* PBXTargetDependency */,
			);
			name = musearchTests;
			productName = musearchTests;
			productReference = 4504485B1F7EF0B400D17722 /* musearchTests.xctest */;
			productType = "com.apple.product-type.bundle.unit-test";
		};
/* End PBXNativeTarget section */

/* Begin PBXProject section */
		4504483F1F7EF0B300D17722 /* Project object */ = {
			isa = PBXProject;
			attributes = {
				LastSwiftUpdateCheck = 0900;
				LastUpgradeCheck = 0900;
				ORGANIZATIONNAME = "Slobodan Kovrlija";
				TargetAttributes = {
					450448461F7EF0B300D17722 = {
						CreatedOnToolsVersion = 9.0;
						ProvisioningStyle = Automatic;
					};
					4504485A1F7EF0B400D17722 = {
						CreatedOnToolsVersion = 9.0;
						ProvisioningStyle = Automatic;
						TestTargetID = 450448461F7EF0B300D17722;
					};
				};
			};
			buildConfigurationList = 450448421F7EF0B300D17722 /* Build configuration list for PBXProject "musearch" */;
			compatibilityVersion = "Xcode 8.0";
			developmentRegion = en;
			hasScannedForEncodings = 0;
			knownRegions = (
				en,
				Base,
			);
			mainGroup = 4504483E1F7EF0B300D17722;
			productRefGroup = 450448481F7EF0B300D17722 /* Products */;
			projectDirPath = "";
			projectRoot = "";
			targets = (
				450448461F7EF0B300D17722 /* musearch */,
				4504485A1F7EF0B400D17722 /* musearchTests */,
			);
		};
/* End PBXProject section */

/* Begin PBXResourcesBuildPhase section */
		450448451F7EF0B300D17722 /* Resources */ = {
			isa = PBXResourcesBuildPhase;
			buildActionMask = 2147483647;
			files = (
				450448551F7EF0B300D17722 /* LaunchScreen.storyboard in Resources */,
				450448521F7EF0B300D17722 /* Assets.xcassets in Resources */,
				450448781F7F9BEB00D17722 /* ResultsTableViewCell.xib in Resources */,
				450448501F7EF0B300D17722 /* Main.storyboard in Resources */,
			);
			runOnlyForDeploymentPostprocessing = 0;
		};
		450448591F7EF0B400D17722 /* Resources */ = {
			isa = PBXResourcesBuildPhase;
			buildActionMask = 2147483647;
			files = (
			);
			runOnlyForDeploymentPostprocessing = 0;
		};
/* End PBXResourcesBuildPhase section */

/* Begin PBXShellScriptBuildPhase section */
		3E876E656DE492F0ED4D945C /* [CP] Check Pods Manifest.lock */ = {
			isa = PBXShellScriptBuildPhase;
			buildActionMask = 2147483647;
			files = (
			);
			inputPaths = (
			);
			name = "[CP] Check Pods Manifest.lock";
			outputPaths = (
			);
			runOnlyForDeploymentPostprocessing = 0;
			shellPath = /bin/sh;
			shellScript = "diff \"${PODS_PODFILE_DIR_PATH}/Podfile.lock\" \"${PODS_ROOT}/Manifest.lock\" > /dev/null\nif [ $? != 0 ] ; then\n    # print error to STDERR\n    echo \"error: The sandbox is not in sync with the Podfile.lock. Run 'pod install' or update your CocoaPods installation.\" >&2\n    exit 1\nfi\n";
			showEnvVarsInLog = 0;
		};
		540308B33D1276A54EF9C494 /* [CP] Copy Pods Resources */ = {
			isa = PBXShellScriptBuildPhase;
			buildActionMask = 2147483647;
			files = (
			);
			inputPaths = (
			);
			name = "[CP] Copy Pods Resources";
			outputPaths = (
			);
			runOnlyForDeploymentPostprocessing = 0;
			shellPath = /bin/sh;
			shellScript = "\"${SRCROOT}/Pods/Target Support Files/Pods-musearch/Pods-musearch-resources.sh\"\n";
			showEnvVarsInLog = 0;
		};
		84F038036FF06884335FE857 /* [CP] Embed Pods Frameworks */ = {
			isa = PBXShellScriptBuildPhase;
			buildActionMask = 2147483647;
			files = (
			);
			inputPaths = (
			);
			name = "[CP] Embed Pods Frameworks";
			outputPaths = (
			);
			runOnlyForDeploymentPostprocessing = 0;
			shellPath = /bin/sh;
			shellScript = "\"${SRCROOT}/Pods/Target Support Files/Pods-musearchTests/Pods-musearchTests-frameworks.sh\"\n";
			showEnvVarsInLog = 0;
		};
		93323720124C2BA0360121E7 /* [CP] Check Pods Manifest.lock */ = {
			isa = PBXShellScriptBuildPhase;
			buildActionMask = 2147483647;
			files = (
			);
			inputPaths = (
			);
			name = "[CP] Check Pods Manifest.lock";
			outputPaths = (
			);
			runOnlyForDeploymentPostprocessing = 0;
			shellPath = /bin/sh;
			shellScript = "diff \"${PODS_PODFILE_DIR_PATH}/Podfile.lock\" \"${PODS_ROOT}/Manifest.lock\" > /dev/null\nif [ $? != 0 ] ; then\n    # print error to STDERR\n    echo \"error: The sandbox is not in sync with the Podfile.lock. Run 'pod install' or update your CocoaPods installation.\" >&2\n    exit 1\nfi\n";
			showEnvVarsInLog = 0;
		};
		93704288869839A766592370 /* [CP] Embed Pods Frameworks */ = {
			isa = PBXShellScriptBuildPhase;
			buildActionMask = 2147483647;
			files = (
			);
			inputPaths = (
			);
			name = "[CP] Embed Pods Frameworks";
			outputPaths = (
			);
			runOnlyForDeploymentPostprocessing = 0;
			shellPath = /bin/sh;
			shellScript = "\"${SRCROOT}/Pods/Target Support Files/Pods-musearch/Pods-musearch-frameworks.sh\"\n";
			showEnvVarsInLog = 0;
		};
		D5A3A2049F0B0169614BF106 /* [CP] Copy Pods Resources */ = {
			isa = PBXShellScriptBuildPhase;
			buildActionMask = 2147483647;
			files = (
			);
			inputPaths = (
			);
			name = "[CP] Copy Pods Resources";
			outputPaths = (
			);
			runOnlyForDeploymentPostprocessing = 0;
			shellPath = /bin/sh;
			shellScript = "\"${SRCROOT}/Pods/Target Support Files/Pods-musearchTests/Pods-musearchTests-resources.sh\"\n";
			showEnvVarsInLog = 0;
		};
/* End PBXShellScriptBuildPhase section */

/* Begin PBXSourcesBuildPhase section */
		450448431F7EF0B300D17722 /* Sources */ = {
			isa = PBXSourcesBuildPhase;
			buildActionMask = 2147483647;
			files = (
				4504486E1F7F4FFF00D17722 /* SearchService.swift in Sources */,
				4504486B1F7EF20200D17722 /* SearchViewController.swift in Sources */,
				450448711F7F8A3300D17722 /* SearchResult.swift in Sources */,
				4504484B1F7EF0B300D17722 /* AppDelegate.swift in Sources */,
				450448771F7F9BEB00D17722 /* ResultsTableViewCell.swift in Sources */,
			);
			runOnlyForDeploymentPostprocessing = 0;
		};
		450448571F7EF0B400D17722 /* Sources */ = {
			isa = PBXSourcesBuildPhase;
			buildActionMask = 2147483647;
			files = (
				450448601F7EF0B400D17722 /* musearchTests.swift in Sources */,
			);
			runOnlyForDeploymentPostprocessing = 0;
		};
/* End PBXSourcesBuildPhase section */

/* Begin PBXTargetDependency section */
		4504485D1F7EF0B400D17722 /* PBXTargetDependency */ = {
			isa = PBXTargetDependency;
			target = 450448461F7EF0B300D17722 /* musearch */;
			targetProxy = 4504485C1F7EF0B400D17722 /* PBXContainerItemProxy */;
		};
/* End PBXTargetDependency section */

/* Begin PBXVariantGroup section */
		4504484E1F7EF0B300D17722 /* Main.storyboard */ = {
			isa = PBXVariantGroup;
			children = (
				4504484F1F7EF0B300D17722 /* Base */,
			);
			name = Main.storyboard;
			sourceTree = "<group>";
		};
		450448531F7EF0B300D17722 /* LaunchScreen.storyboard */ = {
			isa = PBXVariantGroup;
			children = (
				450448541F7EF0B300D17722 /* Base */,
			);
			name = LaunchScreen.storyboard;
			sourceTree = "<group>";
		};
/* End PBXVariantGroup section */

/* Begin XCBuildConfiguration section */
		450448621F7EF0B400D17722 /* Debug */ = {
			isa = XCBuildConfiguration;
			buildSettings = {
				ALWAYS_SEARCH_USER_PATHS = NO;
				CLANG_ANALYZER_NONNULL = YES;
				CLANG_ANALYZER_NUMBER_OBJECT_CONVERSION = YES_AGGRESSIVE;
				CLANG_CXX_LANGUAGE_STANDARD = "gnu++14";
				CLANG_CXX_LIBRARY = "libc++";
				CLANG_ENABLE_MODULES = YES;
				CLANG_ENABLE_OBJC_ARC = YES;
				CLANG_WARN_BLOCK_CAPTURE_AUTORELEASING = YES;
				CLANG_WARN_BOOL_CONVERSION = YES;
				CLANG_WARN_COMMA = YES;
				CLANG_WARN_CONSTANT_CONVERSION = YES;
				CLANG_WARN_DIRECT_OBJC_ISA_USAGE = YES_ERROR;
				CLANG_WARN_DOCUMENTATION_COMMENTS = YES;
				CLANG_WARN_EMPTY_BODY = YES;
				CLANG_WARN_ENUM_CONVERSION = YES;
				CLANG_WARN_INFINITE_RECURSION = YES;
				CLANG_WARN_INT_CONVERSION = YES;
				CLANG_WARN_NON_LITERAL_NULL_CONVERSION = YES;
				CLANG_WARN_OBJC_LITERAL_CONVERSION = YES;
				CLANG_WARN_OBJC_ROOT_CLASS = YES_ERROR;
				CLANG_WARN_RANGE_LOOP_ANALYSIS = YES;
				CLANG_WARN_STRICT_PROTOTYPES = YES;
				CLANG_WARN_SUSPICIOUS_MOVE = YES;
				CLANG_WARN_UNGUARDED_AVAILABILITY = YES_AGGRESSIVE;
				CLANG_WARN_UNREACHABLE_CODE = YES;
				CLANG_WARN__DUPLICATE_METHOD_MATCH = YES;
				CODE_SIGN_IDENTITY = "iPhone Developer";
				COPY_PHASE_STRIP = NO;
				DEBUG_INFORMATION_FORMAT = dwarf;
				ENABLE_STRICT_OBJC_MSGSEND = YES;
				ENABLE_TESTABILITY = YES;
				GCC_C_LANGUAGE_STANDARD = gnu11;
				GCC_DYNAMIC_NO_PIC = NO;
				GCC_NO_COMMON_BLOCKS = YES;
				GCC_OPTIMIZATION_LEVEL = 0;
				GCC_PREPROCESSOR_DEFINITIONS = (
					"DEBUG=1",
					"$(inherited)",
				);
				GCC_WARN_64_TO_32_BIT_CONVERSION = YES;
				GCC_WARN_ABOUT_RETURN_TYPE = YES_ERROR;
				GCC_WARN_UNDECLARED_SELECTOR = YES;
				GCC_WARN_UNINITIALIZED_AUTOS = YES_AGGRESSIVE;
				GCC_WARN_UNUSED_FUNCTION = YES;
				GCC_WARN_UNUSED_VARIABLE = YES;
				IPHONEOS_DEPLOYMENT_TARGET = 11.0;
				MTL_ENABLE_DEBUG_INFO = YES;
				ONLY_ACTIVE_ARCH = YES;
				SDKROOT = iphoneos;
				SWIFT_ACTIVE_COMPILATION_CONDITIONS = DEBUG;
				SWIFT_OPTIMIZATION_LEVEL = "-Onone";
			};
			name = Debug;
		};
		450448631F7EF0B400D17722 /* Release */ = {
			isa = XCBuildConfiguration;
			buildSettings = {
				ALWAYS_SEARCH_USER_PATHS = NO;
				CLANG_ANALYZER_NONNULL = YES;
				CLANG_ANALYZER_NUMBER_OBJECT_CONVERSION = YES_AGGRESSIVE;
				CLANG_CXX_LANGUAGE_STANDARD = "gnu++14";
				CLANG_CXX_LIBRARY = "libc++";
				CLANG_ENABLE_MODULES = YES;
				CLANG_ENABLE_OBJC_ARC = YES;
				CLANG_WARN_BLOCK_CAPTURE_AUTORELEASING = YES;
				CLANG_WARN_BOOL_CONVERSION = YES;
				CLANG_WARN_COMMA = YES;
				CLANG_WARN_CONSTANT_CONVERSION = YES;
				CLANG_WARN_DIRECT_OBJC_ISA_USAGE = YES_ERROR;
				CLANG_WARN_DOCUMENTATION_COMMENTS = YES;
				CLANG_WARN_EMPTY_BODY = YES;
				CLANG_WARN_ENUM_CONVERSION = YES;
				CLANG_WARN_INFINITE_RECURSION = YES;
				CLANG_WARN_INT_CONVERSION = YES;
				CLANG_WARN_NON_LITERAL_NULL_CONVERSION = YES;
				CLANG_WARN_OBJC_LITERAL_CONVERSION = YES;
				CLANG_WARN_OBJC_ROOT_CLASS = YES_ERROR;
				CLANG_WARN_RANGE_LOOP_ANALYSIS = YES;
				CLANG_WARN_STRICT_PROTOTYPES = YES;
				CLANG_WARN_SUSPICIOUS_MOVE = YES;
				CLANG_WARN_UNGUARDED_AVAILABILITY = YES_AGGRESSIVE;
				CLANG_WARN_UNREACHABLE_CODE = YES;
				CLANG_WARN__DUPLICATE_METHOD_MATCH = YES;
				CODE_SIGN_IDENTITY = "iPhone Developer";
				COPY_PHASE_STRIP = NO;
				DEBUG_INFORMATION_FORMAT = "dwarf-with-dsym";
				ENABLE_NS_ASSERTIONS = NO;
				ENABLE_STRICT_OBJC_MSGSEND = YES;
				GCC_C_LANGUAGE_STANDARD = gnu11;
				GCC_NO_COMMON_BLOCKS = YES;
				GCC_WARN_64_TO_32_BIT_CONVERSION = YES;
				GCC_WARN_ABOUT_RETURN_TYPE = YES_ERROR;
				GCC_WARN_UNDECLARED_SELECTOR = YES;
				GCC_WARN_UNINITIALIZED_AUTOS = YES_AGGRESSIVE;
				GCC_WARN_UNUSED_FUNCTION = YES;
				GCC_WARN_UNUSED_VARIABLE = YES;
				IPHONEOS_DEPLOYMENT_TARGET = 11.0;
				MTL_ENABLE_DEBUG_INFO = NO;
				SDKROOT = iphoneos;
				SWIFT_OPTIMIZATION_LEVEL = "-Owholemodule";
				VALIDATE_PRODUCT = YES;
			};
			name = Release;
		};
		450448651F7EF0B400D17722 /* Debug */ = {
			isa = XCBuildConfiguration;
			baseConfigurationReference = 8FEADA84C878E9EDEEA48DB1 /* Pods-musearch.debug.xcconfig */;
			buildSettings = {
				ASSETCATALOG_COMPILER_APPICON_NAME = AppIcon;
				CODE_SIGN_STYLE = Automatic;
				DEVELOPMENT_TEAM = AQ88PA37SU;
				INFOPLIST_FILE = musearch/Info.plist;
				LD_RUNPATH_SEARCH_PATHS = "$(inherited) @executable_path/Frameworks";
				PRODUCT_BUNDLE_IDENTIFIER = com.slobodan.musearch;
				PRODUCT_NAME = "$(TARGET_NAME)";
				SWIFT_VERSION = 4.0;
				TARGETED_DEVICE_FAMILY = "1,2";
			};
			name = Debug;
		};
		450448661F7EF0B400D17722 /* Release */ = {
			isa = XCBuildConfiguration;
			baseConfigurationReference = 1BF70BD4CDEA3F0D0CAC4B89 /* Pods-musearch.release.xcconfig */;
			buildSettings = {
				ASSETCATALOG_COMPILER_APPICON_NAME = AppIcon;
				CODE_SIGN_STYLE = Automatic;
				DEVELOPMENT_TEAM = AQ88PA37SU;
				INFOPLIST_FILE = musearch/Info.plist;
				LD_RUNPATH_SEARCH_PATHS = "$(inherited) @executable_path/Frameworks";
				PRODUCT_BUNDLE_IDENTIFIER = com.slobodan.musearch;
				PRODUCT_NAME = "$(TARGET_NAME)";
				SWIFT_VERSION = 4.0;
				TARGETED_DEVICE_FAMILY = "1,2";
			};
			name = Release;
		};
		450448681F7EF0B400D17722 /* Debug */ = {
			isa = XCBuildConfiguration;
			baseConfigurationReference = B3805532BE7A043527EACF75 /* Pods-musearchTests.debug.xcconfig */;
			buildSettings = {
				ALWAYS_EMBED_SWIFT_STANDARD_LIBRARIES = YES;
				BUNDLE_LOADER = "$(TEST_HOST)";
				CODE_SIGN_STYLE = Automatic;
				DEVELOPMENT_TEAM = AQ88PA37SU;
				INFOPLIST_FILE = musearchTests/Info.plist;
				LD_RUNPATH_SEARCH_PATHS = "$(inherited) @executable_path/Frameworks @loader_path/Frameworks";
				PRODUCT_BUNDLE_IDENTIFIER = com.slobodan.musearchTests;
				PRODUCT_NAME = "$(TARGET_NAME)";
				SWIFT_VERSION = 4.0;
				TARGETED_DEVICE_FAMILY = "1,2";
				TEST_HOST = "$(BUILT_PRODUCTS_DIR)/musearch.app/musearch";
			};
			name = Debug;
		};
		450448691F7EF0B400D17722 /* Release */ = {
			isa = XCBuildConfiguration;
			baseConfigurationReference = 7EB6B80047C6ABFBE21A51FD /* Pods-musearchTests.release.xcconfig */;
			buildSettings = {
				ALWAYS_EMBED_SWIFT_STANDARD_LIBRARIES = YES;
				BUNDLE_LOADER = "$(TEST_HOST)";
				CODE_SIGN_STYLE = Automatic;
				DEVELOPMENT_TEAM = AQ88PA37SU;
				INFOPLIST_FILE = musearchTests/Info.plist;
				LD_RUNPATH_SEARCH_PATHS = "$(inherited) @executable_path/Frameworks @loader_path/Frameworks";
				PRODUCT_BUNDLE_IDENTIFIER = com.slobodan.musearchTests;
				PRODUCT_NAME = "$(TARGET_NAME)";
				SWIFT_VERSION = 4.0;
				TARGETED_DEVICE_FAMILY = "1,2";
				TEST_HOST = "$(BUILT_PRODUCTS_DIR)/musearch.app/musearch";
			};
			name = Release;
		};
/* End XCBuildConfiguration section */

/* Begin XCConfigurationList section */
		450448421F7EF0B300D17722 /* Build configuration list for PBXProject "musearch" */ = {
			isa = XCConfigurationList;
			buildConfigurations = (
				450448621F7EF0B400D17722 /* Debug */,
				450448631F7EF0B400D17722 /* Release */,
			);
			defaultConfigurationIsVisible = 0;
			defaultConfigurationName = Release;
		};
		450448641F7EF0B400D17722 /* Build configuration list for PBXNativeTarget "musearch" */ = {
			isa = XCConfigurationList;
			buildConfigurations = (
				450448651F7EF0B400D17722 /* Debug */,
				450448661F7EF0B400D17722 /* Release */,
			);
			defaultConfigurationIsVisible = 0;
			defaultConfigurationName = Release;
		};
		450448671F7EF0B400D17722 /* Build configuration list for PBXNativeTarget "musearchTests" */ = {
			isa = XCConfigurationList;
			buildConfigurations = (
				450448681F7EF0B400D17722 /* Debug */,
				450448691F7EF0B400D17722 /* Release */,
			);
			defaultConfigurationIsVisible = 0;
			defaultConfigurationName = Release;
		};
/* End XCConfigurationList section */
	};
	rootObject = 4504483F1F7EF0B300D17722 /* Project object */;
}
